{
  "originHash" : "6de724afde8b61bc7a254879e832a414777976a2ad96d1ad4808f68cf42c32ce",
  "pins" : [
    {
      "identity" : "capacitor-swift-pm",
      "kind" : "remoteSourceControl",
      "location" : "https://github.com/ionic-team/capacitor-swift-pm.git",
      "state" : {
        "revision" : "4c7f346d16196e21fbe23d4a7a6fc7af62af6742",
        "version" : "8.5.3"
      }
    }
  ],
  "version" : 3
}
